
Microsoft Visual Studio Solution File, Format Version 12.00
# Visual Studio 14
VisualStudioVersion = 14.0.25420.1
MinimumVisualStudioVersion = 10.0.40219.1
Project("{F2A71F9B-5D33-465A-A702-920D77279786}") = "HelloWebSharper", "HelloWebSharper\HelloWebSharper.fsproj", "{08D98735-4869-4FD5-8171-9C5907F6779C}"
EndProject
Project("{F2A71F9B-5D33-465A-A702-920D77279786}") = "HelloWebSharper.Tests", "HelloWebSharper.Tests\HelloWebSharper.Tests.fsproj", "{854BF87D-B9E4-4FC4-95AA-563AB4367152}"
EndProject
Project("{FAE04EC0-301F-11D3-BF4B-00C04F79EFBC}") = "CSharpPlayground", "CSharpPlayground\CSharpPlayground.csproj", "{50FE23ED-C5B0-4DC1-83F5-2D29CAF62A31}"
EndProject
Project("{F2A71F9B-5D33-465A-A702-920D77279786}") = "BenchmarkDotNetFsharp", "BenchmarkDotNetFsharp\BenchmarkDotNetFsharp.fsproj", "{E2A4AEAE-1955-48E4-B196-707239DFF4F4}"
EndProject
Project("{FAE04EC0-301F-11D3-BF4B-00C04F79EFBC}") = "BenchmarkDotNetCsharp", "BenchmarkDotNetCsharp\BenchmarkDotNetCsharp.csproj", "{2F87820C-6D39-42BC-979A-C2C740AD6B66}"
EndProject
Project("{F2A71F9B-5D33-465A-A702-920D77279786}") = "UI.Next.Demo", "UI.Next.Demo\UI.Next.Demo.fsproj", "{9B69FEDF-EEAE-41A8-B4D4-AE1767FE46DF}"
EndProject
Project("{F2A71F9B-5D33-465A-A702-920D77279786}") = "UINextApplication1", "UINextApplication1\UINextApplication1.fsproj", "{013E1B63-95DC-4EFB-9584-188BE0A292AA}"
EndProject
Global
	GlobalSection(SolutionConfigurationPlatforms) = preSolution
		Debug|Any CPU = Debug|Any CPU
		Release|Any CPU = Release|Any CPU
	EndGlobalSection
	GlobalSection(ProjectConfigurationPlatforms) = postSolution
		{08D98735-4869-4FD5-8171-9C5907F6779C}.Debug|Any CPU.ActiveCfg = Debug|Any CPU
		{08D98735-4869-4FD5-8171-9C5907F6779C}.Debug|Any CPU.Build.0 = Debug|Any CPU
		{08D98735-4869-4FD5-8171-9C5907F6779C}.Release|Any CPU.ActiveCfg = Release|Any CPU
		{08D98735-4869-4FD5-8171-9C5907F6779C}.Release|Any CPU.Build.0 = Release|Any CPU
		{854BF87D-B9E4-4FC4-95AA-563AB4367152}.Debug|Any CPU.ActiveCfg = Debug|Any CPU
		{854BF87D-B9E4-4FC4-95AA-563AB4367152}.Debug|Any CPU.Build.0 = Debug|Any CPU
		{854BF87D-B9E4-4FC4-95AA-563AB4367152}.Release|Any CPU.ActiveCfg = Release|Any CPU
		{854BF87D-B9E4-4FC4-95AA-563AB4367152}.Release|Any CPU.Build.0 = Release|Any CPU
		{50FE23ED-C5B0-4DC1-83F5-2D29CAF62A31}.Debug|Any CPU.ActiveCfg = Debug|Any CPU
		{50FE23ED-C5B0-4DC1-83F5-2D29CAF62A31}.Debug|Any CPU.Build.0 = Debug|Any CPU
		{50FE23ED-C5B0-4DC1-83F5-2D29CAF62A31}.Release|Any CPU.ActiveCfg = Release|Any CPU
		{50FE23ED-C5B0-4DC1-83F5-2D29CAF62A31}.Release|Any CPU.Build.0 = Release|Any CPU
		{E2A4AEAE-1955-48E4-B196-707239DFF4F4}.Debug|Any CPU.ActiveCfg = Debug|Any CPU
		{E2A4AEAE-1955-48E4-B196-707239DFF4F4}.Debug|Any CPU.Build.0 = Debug|Any CPU
		{E2A4AEAE-1955-48E4-B196-707239DFF4F4}.Release|Any CPU.ActiveCfg = Release|Any CPU
		{E2A4AEAE-1955-48E4-B196-707239DFF4F4}.Release|Any CPU.Build.0 = Release|Any CPU
		{2F87820C-6D39-42BC-979A-C2C740AD6B66}.Debug|Any CPU.ActiveCfg = Debug|Any CPU
		{2F87820C-6D39-42BC-979A-C2C740AD6B66}.Debug|Any CPU.Build.0 = Debug|Any CPU
		{2F87820C-6D39-42BC-979A-C2C740AD6B66}.Release|Any CPU.ActiveCfg = Release|Any CPU
		{2F87820C-6D39-42BC-979A-C2C740AD6B66}.Release|Any CPU.Build.0 = Release|Any CPU
		{9B69FEDF-EEAE-41A8-B4D4-AE1767FE46DF}.Debug|Any CPU.ActiveCfg = Debug|Any CPU
		{9B69FEDF-EEAE-41A8-B4D4-AE1767FE46DF}.Debug|Any CPU.Build.0 = Debug|Any CPU
		{9B69FEDF-EEAE-41A8-B4D4-AE1767FE46DF}.Release|Any CPU.ActiveCfg = Release|Any CPU
		{9B69FEDF-EEAE-41A8-B4D4-AE1767FE46DF}.Release|Any CPU.Build.0 = Release|Any CPU
		{013E1B63-95DC-4EFB-9584-188BE0A292AA}.Debug|Any CPU.ActiveCfg = Debug|Any CPU
		{013E1B63-95DC-4EFB-9584-188BE0A292AA}.Debug|Any CPU.Build.0 = Debug|Any CPU
		{013E1B63-95DC-4EFB-9584-188BE0A292AA}.Release|Any CPU.ActiveCfg = Release|Any CPU
		{013E1B63-95DC-4EFB-9584-188BE0A292AA}.Release|Any CPU.Build.0 = Release|Any CPU
	EndGlobalSection
	GlobalSection(SolutionProperties) = preSolution
		HideSolutionNode = FALSE
	EndGlobalSection
EndGlobal
